PODS:
  - CommonUIKitComponents (1.0.0)

DEPENDENCIES:
  - CommonUIKitComponents (from `../`)

EXTERNAL SOURCES:
  CommonUIKitComponents:
    :path: "../"

SPEC CHECKSUMS:
  CommonUIKitComponents: c5a3fed4fb960fdb4ca0ab9267ddb9dcefdbcc1d

PODFILE CHECKSUM: b214aef44a4d494c5ce6ef786484d0ab4f569f20

COCOAPODS: 1.11.3
