PODS:
  - CommonUIKitComponents (1.2.5)

DEPENDENCIES:
  - CommonUIKitComponents (from `../`)

EXTERNAL SOURCES:
  CommonUIKitComponents:
    :path: "../"

SPEC CHECKSUMS:
  CommonUIKitComponents: 1009f307a7b1750e6f54dc40382f613d6f417d5d

PODFILE CHECKSUM: b214aef44a4d494c5ce6ef786484d0ab4f569f20

COCOAPODS: 1.11.3
