PODS:
  - CommonUIKitComponents (1.4.5)

DEPENDENCIES:
  - CommonUIKitComponents (from `../`)

EXTERNAL SOURCES:
  CommonUIKitComponents:
    :path: "../"

SPEC CHECKSUMS:
  CommonUIKitComponents: 980c1fa33d8888575b89801ce68711506dfc7d67

PODFILE CHECKSUM: b214aef44a4d494c5ce6ef786484d0ab4f569f20

COCOAPODS: 1.13.0
