// !$*UTF8*$!
{
	archiveVersion = 1;
	classes = {
	};
	objectVersion = 46;
	objects = {

/* Begin PBXBuildFile section */
		024C830E9DEBCF1D02FA6569 /* Pods_CommonUIKitComponents_Example.framework in Frameworks */ = {isa = PBXBuildFile; fileRef = 05419D3B1E727BF441BA7F79 /* Pods_CommonUIKitComponents_Example.framework */; };
		1A0943392A5EF216008E6A44 /* AlertViewExampleViewController.swift in Sources */ = {isa = PBXBuildFile; fileRef = 1A0943382A5EF216008E6A44 /* AlertViewExampleViewController.swift */; };
		1A9811982AF01F600018CE97 /* AccordionViewController.swift in Sources */ = {isa = PBXBuildFile; fileRef = 1A9811972AF01F600018CE97 /* AccordionViewController.swift */; };
		1A98119C2AF024670018CE97 /* StepperViewController.swift in Sources */ = {isa = PBXBuildFile; fileRef = 1A98119B2AF024670018CE97 /* StepperViewController.swift */; };
		1A98119F2AF0291C0018CE97 /* ToggleViewController.swift in Sources */ = {isa = PBXBuildFile; fileRef = 1A98119E2AF0291C0018CE97 /* ToggleViewController.swift */; };
		1A9811A22AF02AFD0018CE97 /* SideViewController.swift in Sources */ = {isa = PBXBuildFile; fileRef = 1A9811A12AF02AFD0018CE97 /* SideViewController.swift */; };
		1A9811A52AF036850018CE97 /* IndicatorViewController.swift in Sources */ = {isa = PBXBuildFile; fileRef = 1A9811A42AF036850018CE97 /* IndicatorViewController.swift */; };
		1A9811A82AF039D90018CE97 /* PopoverMessageViewController.swift in Sources */ = {isa = PBXBuildFile; fileRef = 1A9811A72AF039D90018CE97 /* PopoverMessageViewController.swift */; };
		1A9811AB2AF081830018CE97 /* CustomPopoverMessageController.swift in Sources */ = {isa = PBXBuildFile; fileRef = 1A9811AA2AF081830018CE97 /* CustomPopoverMessageController.swift */; };
		1A9811AE2AF092B30018CE97 /* PopoverMenuViewController.swift in Sources */ = {isa = PBXBuildFile; fileRef = 1A9811AD2AF092B30018CE97 /* PopoverMenuViewController.swift */; };
		1A9811B12AF096DE0018CE97 /* LabelComponentViewController.swift in Sources */ = {isa = PBXBuildFile; fileRef = 1A9811B02AF096DE0018CE97 /* LabelComponentViewController.swift */; };
		1A9811B42AF0C6D40018CE97 /* ButtonPadViewController.swift in Sources */ = {isa = PBXBuildFile; fileRef = 1A9811B32AF0C6D40018CE97 /* ButtonPadViewController.swift */; };
		1A9811B72AF0CA060018CE97 /* AllowedCharsTextFieldViewController.swift in Sources */ = {isa = PBXBuildFile; fileRef = 1A9811B62AF0CA060018CE97 /* AllowedCharsTextFieldViewController.swift */; };
		1A9811BA2AF0CB250018CE97 /* ScrollViewController.swift in Sources */ = {isa = PBXBuildFile; fileRef = 1A9811B92AF0CB250018CE97 /* ScrollViewController.swift */; };
		1ADFFE5B2AF1E6D700B89E58 /* DraggableModalViewController.swift in Sources */ = {isa = PBXBuildFile; fileRef = 1ADFFE5A2AF1E6D700B89E58 /* DraggableModalViewController.swift */; };
		1ADFFE5E2AF1F40100B89E58 /* DynamicHeightCVViewController.swift in Sources */ = {isa = PBXBuildFile; fileRef = 1ADFFE5D2AF1F40100B89E58 /* DynamicHeightCVViewController.swift */; };
		1ADFFE652AF2E19200B89E58 /* BaseButtonComponentViewController.swift in Sources */ = {isa = PBXBuildFile; fileRef = 1ADFFE642AF2E19200B89E58 /* BaseButtonComponentViewController.swift */; };
		1ADFFE682AF2EB0F00B89E58 /* InteractiveButtonComponentViewController.swift in Sources */ = {isa = PBXBuildFile; fileRef = 1ADFFE672AF2EB0F00B89E58 /* InteractiveButtonComponentViewController.swift */; };
		1ADFFE6B2AF314CC00B89E58 /* ModalCloseBottomComponentViewController.swift in Sources */ = {isa = PBXBuildFile; fileRef = 1ADFFE6A2AF314CC00B89E58 /* ModalCloseBottomComponentViewController.swift */; };
		607FACD61AFB9204008FA782 /* AppDelegate.swift in Sources */ = {isa = PBXBuildFile; fileRef = 607FACD51AFB9204008FA782 /* AppDelegate.swift */; };
		607FACD81AFB9204008FA782 /* ViewController.swift in Sources */ = {isa = PBXBuildFile; fileRef = 607FACD71AFB9204008FA782 /* ViewController.swift */; };
		607FACDB1AFB9204008FA782 /* Main.storyboard in Resources */ = {isa = PBXBuildFile; fileRef = 607FACD91AFB9204008FA782 /* Main.storyboard */; };
		607FACDD1AFB9204008FA782 /* Images.xcassets in Resources */ = {isa = PBXBuildFile; fileRef = 607FACDC1AFB9204008FA782 /* Images.xcassets */; };
		607FACE01AFB9204008FA782 /* LaunchScreen.xib in Resources */ = {isa = PBXBuildFile; fileRef = 607FACDE1AFB9204008FA782 /* LaunchScreen.xib */; };
		607FACEC1AFB9204008FA782 /* Tests.swift in Sources */ = {isa = PBXBuildFile; fileRef = 607FACEB1AFB9204008FA782 /* Tests.swift */; };
		61AC11C229103AD10065F98B /* UITextFieldOTPExampleController.swift in Sources */ = {isa = PBXBuildFile; fileRef = 61AC11C129103AD10065F98B /* UITextFieldOTPExampleController.swift */; };
		61E1B51F2934620B0016C25E /* ModalTagsFactory.swift in Sources */ = {isa = PBXBuildFile; fileRef = 61E1B51E2934620B0016C25E /* ModalTagsFactory.swift */; };
		61E1B5222934625C0016C25E /* ModalTagsDataSource.swift in Sources */ = {isa = PBXBuildFile; fileRef = 61E1B5212934625C0016C25E /* ModalTagsDataSource.swift */; };
		61E1B5242934628D0016C25E /* Tag.swift in Sources */ = {isa = PBXBuildFile; fileRef = 61E1B5232934628D0016C25E /* Tag.swift */; };
		61E1B53A2934679E0016C25E /* ModalTagsCellLayout.swift in Sources */ = {isa = PBXBuildFile; fileRef = 61E1B5382934679E0016C25E /* ModalTagsCellLayout.swift */; };
		61E1B54729347A9F0016C25E /* TagsCollectionViewCell.swift in Sources */ = {isa = PBXBuildFile; fileRef = 61E1B54529347A9F0016C25E /* TagsCollectionViewCell.swift */; };
		61E1B54829347A9F0016C25E /* TagsCollectionViewCell.xib in Resources */ = {isa = PBXBuildFile; fileRef = 61E1B54629347A9F0016C25E /* TagsCollectionViewCell.xib */; };
		61EF7C7128D22E900097979F /* ModalExampleViewController.swift in Sources */ = {isa = PBXBuildFile; fileRef = 61EF7C7028D22E900097979F /* ModalExampleViewController.swift */; };
		878A0DE9AB065030C997EDAF /* Pods_CommonUIKitComponents_Tests.framework in Frameworks */ = {isa = PBXBuildFile; fileRef = A6BB288C3838A0C766C7C131 /* Pods_CommonUIKitComponents_Tests.framework */; };
/* End PBXBuildFile section */

/* Begin PBXContainerItemProxy section */
		607FACE61AFB9204008FA782 /* PBXContainerItemProxy */ = {
			isa = PBXContainerItemProxy;
			containerPortal = 607FACC81AFB9204008FA782 /* Project object */;
			proxyType = 1;
			remoteGlobalIDString = 607FACCF1AFB9204008FA782;
			remoteInfo = CommonUIKitComponents;
		};
/* End PBXContainerItemProxy section */

/* Begin PBXFileReference section */
		05419D3B1E727BF441BA7F79 /* Pods_CommonUIKitComponents_Example.framework */ = {isa = PBXFileReference; explicitFileType = wrapper.framework; includeInIndex = 0; path = Pods_CommonUIKitComponents_Example.framework; sourceTree = BUILT_PRODUCTS_DIR; };
		1A0943382A5EF216008E6A44 /* AlertViewExampleViewController.swift */ = {isa = PBXFileReference; lastKnownFileType = sourcecode.swift; path = AlertViewExampleViewController.swift; sourceTree = "<group>"; };
		1A9811972AF01F600018CE97 /* AccordionViewController.swift */ = {isa = PBXFileReference; lastKnownFileType = sourcecode.swift; path = AccordionViewController.swift; sourceTree = "<group>"; };
		1A98119B2AF024670018CE97 /* StepperViewController.swift */ = {isa = PBXFileReference; lastKnownFileType = sourcecode.swift; path = StepperViewController.swift; sourceTree = "<group>"; };
		1A98119E2AF0291C0018CE97 /* ToggleViewController.swift */ = {isa = PBXFileReference; lastKnownFileType = sourcecode.swift; path = ToggleViewController.swift; sourceTree = "<group>"; };
		1A9811A12AF02AFD0018CE97 /* SideViewController.swift */ = {isa = PBXFileReference; lastKnownFileType = sourcecode.swift; path = SideViewController.swift; sourceTree = "<group>"; };
		1A9811A42AF036850018CE97 /* IndicatorViewController.swift */ = {isa = PBXFileReference; lastKnownFileType = sourcecode.swift; path = IndicatorViewController.swift; sourceTree = "<group>"; };
		1A9811A72AF039D90018CE97 /* PopoverMessageViewController.swift */ = {isa = PBXFileReference; lastKnownFileType = sourcecode.swift; path = PopoverMessageViewController.swift; sourceTree = "<group>"; };
		1A9811AA2AF081830018CE97 /* CustomPopoverMessageController.swift */ = {isa = PBXFileReference; lastKnownFileType = sourcecode.swift; path = CustomPopoverMessageController.swift; sourceTree = "<group>"; };
		1A9811AD2AF092B30018CE97 /* PopoverMenuViewController.swift */ = {isa = PBXFileReference; lastKnownFileType = sourcecode.swift; path = PopoverMenuViewController.swift; sourceTree = "<group>"; };
		1A9811B02AF096DE0018CE97 /* LabelComponentViewController.swift */ = {isa = PBXFileReference; lastKnownFileType = sourcecode.swift; path = LabelComponentViewController.swift; sourceTree = "<group>"; };
		1A9811B32AF0C6D40018CE97 /* ButtonPadViewController.swift */ = {isa = PBXFileReference; lastKnownFileType = sourcecode.swift; path = ButtonPadViewController.swift; sourceTree = "<group>"; };
		1A9811B62AF0CA060018CE97 /* AllowedCharsTextFieldViewController.swift */ = {isa = PBXFileReference; lastKnownFileType = sourcecode.swift; path = AllowedCharsTextFieldViewController.swift; sourceTree = "<group>"; };
		1A9811B92AF0CB250018CE97 /* ScrollViewController.swift */ = {isa = PBXFileReference; lastKnownFileType = sourcecode.swift; path = ScrollViewController.swift; sourceTree = "<group>"; };
		1ADFFE5A2AF1E6D700B89E58 /* DraggableModalViewController.swift */ = {isa = PBXFileReference; lastKnownFileType = sourcecode.swift; path = DraggableModalViewController.swift; sourceTree = "<group>"; };
		1ADFFE5D2AF1F40100B89E58 /* DynamicHeightCVViewController.swift */ = {isa = PBXFileReference; lastKnownFileType = sourcecode.swift; path = DynamicHeightCVViewController.swift; sourceTree = "<group>"; };
		1ADFFE642AF2E19200B89E58 /* BaseButtonComponentViewController.swift */ = {isa = PBXFileReference; lastKnownFileType = sourcecode.swift; path = BaseButtonComponentViewController.swift; sourceTree = "<group>"; };
		1ADFFE672AF2EB0F00B89E58 /* InteractiveButtonComponentViewController.swift */ = {isa = PBXFileReference; lastKnownFileType = sourcecode.swift; path = InteractiveButtonComponentViewController.swift; sourceTree = "<group>"; };
		1ADFFE6A2AF314CC00B89E58 /* ModalCloseBottomComponentViewController.swift */ = {isa = PBXFileReference; lastKnownFileType = sourcecode.swift; path = ModalCloseBottomComponentViewController.swift; sourceTree = "<group>"; };
		253FDB9DC2F3F2FBC6EF1418 /* Pods-CommonUIKitComponents_Tests.release.xcconfig */ = {isa = PBXFileReference; includeInIndex = 1; lastKnownFileType = text.xcconfig; name = "Pods-CommonUIKitComponents_Tests.release.xcconfig"; path = "Target Support Files/Pods-CommonUIKitComponents_Tests/Pods-CommonUIKitComponents_Tests.release.xcconfig"; sourceTree = "<group>"; };
		3D54CC0B6E044735A16ECCE0 /* Pods-CommonUIKitComponents_Example.debug.xcconfig */ = {isa = PBXFileReference; includeInIndex = 1; lastKnownFileType = text.xcconfig; name = "Pods-CommonUIKitComponents_Example.debug.xcconfig"; path = "Target Support Files/Pods-CommonUIKitComponents_Example/Pods-CommonUIKitComponents_Example.debug.xcconfig"; sourceTree = "<group>"; };
		5B9F010CB731AE14821C6237 /* README.md */ = {isa = PBXFileReference; includeInIndex = 1; lastKnownFileType = net.daringfireball.markdown; name = README.md; path = ../README.md; sourceTree = "<group>"; };
		5CA505646D6F2DFDAEF57439 /* Pods-CommonUIKitComponents_Tests.debug.xcconfig */ = {isa = PBXFileReference; includeInIndex = 1; lastKnownFileType = text.xcconfig; name = "Pods-CommonUIKitComponents_Tests.debug.xcconfig"; path = "Target Support Files/Pods-CommonUIKitComponents_Tests/Pods-CommonUIKitComponents_Tests.debug.xcconfig"; sourceTree = "<group>"; };
		607FACD01AFB9204008FA782 /* CommonUIKitComponents_Example.app */ = {isa = PBXFileReference; explicitFileType = wrapper.application; includeInIndex = 0; path = CommonUIKitComponents_Example.app; sourceTree = BUILT_PRODUCTS_DIR; };
		607FACD41AFB9204008FA782 /* Info.plist */ = {isa = PBXFileReference; lastKnownFileType = text.plist.xml; path = Info.plist; sourceTree = "<group>"; };
		607FACD51AFB9204008FA782 /* AppDelegate.swift */ = {isa = PBXFileReference; lastKnownFileType = sourcecode.swift; path = AppDelegate.swift; sourceTree = "<group>"; };
		607FACD71AFB9204008FA782 /* ViewController.swift */ = {isa = PBXFileReference; lastKnownFileType = sourcecode.swift; path = ViewController.swift; sourceTree = "<group>"; };
		607FACDA1AFB9204008FA782 /* Base */ = {isa = PBXFileReference; lastKnownFileType = file.storyboard; name = Base; path = Base.lproj/Main.storyboard; sourceTree = "<group>"; };
		607FACDC1AFB9204008FA782 /* Images.xcassets */ = {isa = PBXFileReference; lastKnownFileType = folder.assetcatalog; path = Images.xcassets; sourceTree = "<group>"; };
		607FACDF1AFB9204008FA782 /* Base */ = {isa = PBXFileReference; lastKnownFileType = file.xib; name = Base; path = Base.lproj/LaunchScreen.xib; sourceTree = "<group>"; };
		607FACE51AFB9204008FA782 /* CommonUIKitComponents_Tests.xctest */ = {isa = PBXFileReference; explicitFileType = wrapper.cfbundle; includeInIndex = 0; path = CommonUIKitComponents_Tests.xctest; sourceTree = BUILT_PRODUCTS_DIR; };
		607FACEA1AFB9204008FA782 /* Info.plist */ = {isa = PBXFileReference; lastKnownFileType = text.plist.xml; path = Info.plist; sourceTree = "<group>"; };
		607FACEB1AFB9204008FA782 /* Tests.swift */ = {isa = PBXFileReference; lastKnownFileType = sourcecode.swift; path = Tests.swift; sourceTree = "<group>"; };
		61AC11C129103AD10065F98B /* UITextFieldOTPExampleController.swift */ = {isa = PBXFileReference; lastKnownFileType = sourcecode.swift; path = UITextFieldOTPExampleController.swift; sourceTree = "<group>"; };
		61E1B51E2934620B0016C25E /* ModalTagsFactory.swift */ = {isa = PBXFileReference; lastKnownFileType = sourcecode.swift; path = ModalTagsFactory.swift; sourceTree = "<group>"; };
		61E1B5212934625C0016C25E /* ModalTagsDataSource.swift */ = {isa = PBXFileReference; lastKnownFileType = sourcecode.swift; path = ModalTagsDataSource.swift; sourceTree = "<group>"; };
		61E1B5232934628D0016C25E /* Tag.swift */ = {isa = PBXFileReference; lastKnownFileType = sourcecode.swift; path = Tag.swift; sourceTree = "<group>"; };
		61E1B5382934679E0016C25E /* ModalTagsCellLayout.swift */ = {isa = PBXFileReference; fileEncoding = 4; lastKnownFileType = sourcecode.swift; path = ModalTagsCellLayout.swift; sourceTree = "<group>"; };
		61E1B54529347A9F0016C25E /* TagsCollectionViewCell.swift */ = {isa = PBXFileReference; lastKnownFileType = sourcecode.swift; path = TagsCollectionViewCell.swift; sourceTree = "<group>"; };
		61E1B54629347A9F0016C25E /* TagsCollectionViewCell.xib */ = {isa = PBXFileReference; lastKnownFileType = file.xib; path = TagsCollectionViewCell.xib; sourceTree = "<group>"; };
		61EF7C7028D22E900097979F /* ModalExampleViewController.swift */ = {isa = PBXFileReference; lastKnownFileType = sourcecode.swift; path = ModalExampleViewController.swift; sourceTree = "<group>"; };
		A317414F65F02D77A207C197 /* LICENSE */ = {isa = PBXFileReference; includeInIndex = 1; lastKnownFileType = text; name = LICENSE; path = ../LICENSE; sourceTree = "<group>"; };
		A6BB288C3838A0C766C7C131 /* Pods_CommonUIKitComponents_Tests.framework */ = {isa = PBXFileReference; explicitFileType = wrapper.framework; includeInIndex = 0; path = Pods_CommonUIKitComponents_Tests.framework; sourceTree = BUILT_PRODUCTS_DIR; };
		CBB2FCBB61799E1624D05D74 /* Pods-CommonUIKitComponents_Example.release.xcconfig */ = {isa = PBXFileReference; includeInIndex = 1; lastKnownFileType = text.xcconfig; name = "Pods-CommonUIKitComponents_Example.release.xcconfig"; path = "Target Support Files/Pods-CommonUIKitComponents_Example/Pods-CommonUIKitComponents_Example.release.xcconfig"; sourceTree = "<group>"; };
		ECC548BE67FD119327275E2D /* CommonUIKitComponents.podspec */ = {isa = PBXFileReference; includeInIndex = 1; lastKnownFileType = text; name = CommonUIKitComponents.podspec; path = ../CommonUIKitComponents.podspec; sourceTree = "<group>"; xcLanguageSpecificationIdentifier = xcode.lang.ruby; };
/* End PBXFileReference section */

/* Begin PBXFrameworksBuildPhase section */
		607FACCD1AFB9204008FA782 /* Frameworks */ = {
			isa = PBXFrameworksBuildPhase;
			buildActionMask = 2147483647;
			files = (
				024C830E9DEBCF1D02FA6569 /* Pods_CommonUIKitComponents_Example.framework in Frameworks */,
			);
			runOnlyForDeploymentPostprocessing = 0;
		};
		607FACE21AFB9204008FA782 /* Frameworks */ = {
			isa = PBXFrameworksBuildPhase;
			buildActionMask = 2147483647;
			files = (
				878A0DE9AB065030C997EDAF /* Pods_CommonUIKitComponents_Tests.framework in Frameworks */,
			);
			runOnlyForDeploymentPostprocessing = 0;
		};
/* End PBXFrameworksBuildPhase section */

/* Begin PBXGroup section */
		1A0943372A5EF192008E6A44 /* AlertView */ = {
			isa = PBXGroup;
			children = (
				1A0943382A5EF216008E6A44 /* AlertViewExampleViewController.swift */,
			);
			name = AlertView;
			sourceTree = "<group>";
		};
		1A9811992AF01F6C0018CE97 /* AccordionView */ = {
			isa = PBXGroup;
			children = (
				1A9811972AF01F600018CE97 /* AccordionViewController.swift */,
			);
			name = AccordionView;
			sourceTree = "<group>";
		};
		1A98119A2AF024500018CE97 /* StepperView */ = {
			isa = PBXGroup;
			children = (
				1A98119B2AF024670018CE97 /* StepperViewController.swift */,
			);
			name = StepperView;
			sourceTree = "<group>";
		};
		1A98119D2AF028D90018CE97 /* ToggleView */ = {
			isa = PBXGroup;
			children = (
				1A98119E2AF0291C0018CE97 /* ToggleViewController.swift */,
			);
			name = ToggleView;
			sourceTree = "<group>";
		};
		1A9811A02AF02AF30018CE97 /* SideView */ = {
			isa = PBXGroup;
			children = (
				1A9811A12AF02AFD0018CE97 /* SideViewController.swift */,
			);
			name = SideView;
			sourceTree = "<group>";
		};
		1A9811A32AF0367B0018CE97 /* Indicator */ = {
			isa = PBXGroup;
			children = (
				1A9811A42AF036850018CE97 /* IndicatorViewController.swift */,
			);
			name = Indicator;
			sourceTree = "<group>";
		};
		1A9811A62AF039B80018CE97 /* PopoverMessageView */ = {
			isa = PBXGroup;
			children = (
				1A9811A72AF039D90018CE97 /* PopoverMessageViewController.swift */,
			);
			name = PopoverMessageView;
			sourceTree = "<group>";
		};
		1A9811A92AF080FE0018CE97 /* CustomPopoverMessageView */ = {
			isa = PBXGroup;
			children = (
				1A9811AA2AF081830018CE97 /* CustomPopoverMessageController.swift */,
			);
			name = CustomPopoverMessageView;
			sourceTree = "<group>";
		};
		1A9811AC2AF092A40018CE97 /* PopoverMenu */ = {
			isa = PBXGroup;
			children = (
				1A9811AD2AF092B30018CE97 /* PopoverMenuViewController.swift */,
			);
			name = PopoverMenu;
			sourceTree = "<group>";
		};
		1A9811AF2AF096AB0018CE97 /* LabelComponentView */ = {
			isa = PBXGroup;
			children = (
				1A9811B02AF096DE0018CE97 /* LabelComponentViewController.swift */,
			);
			name = LabelComponentView;
			sourceTree = "<group>";
		};
		1A9811B22AF0C6CA0018CE97 /* ButtonPadViewController */ = {
			isa = PBXGroup;
			children = (
				1A9811B32AF0C6D40018CE97 /* ButtonPadViewController.swift */,
			);
			name = ButtonPadViewController;
			sourceTree = "<group>";
		};
		1A9811B52AF0C9FB0018CE97 /* AllowedCharsTextFieldViewController */ = {
			isa = PBXGroup;
			children = (
				1A9811B62AF0CA060018CE97 /* AllowedCharsTextFieldViewController.swift */,
			);
			name = AllowedCharsTextFieldViewController;
			sourceTree = "<group>";
		};
		1A9811B82AF0CA9D0018CE97 /* ScrollViewController */ = {
			isa = PBXGroup;
			children = (
				1A9811B92AF0CB250018CE97 /* ScrollViewController.swift */,
			);
			name = ScrollViewController;
			sourceTree = "<group>";
		};
		1ADFFE632AF2DFA000B89E58 /* BaseButtonComponentViewController */ = {
			isa = PBXGroup;
			children = (
				1ADFFE642AF2E19200B89E58 /* BaseButtonComponentViewController.swift */,
			);
			name = BaseButtonComponentViewController;
			sourceTree = "<group>";
		};
		1ADFFE662AF2EADE00B89E58 /* InteractiveButtonComponentViewController */ = {
			isa = PBXGroup;
			children = (
				1ADFFE672AF2EB0F00B89E58 /* InteractiveButtonComponentViewController.swift */,
			);
			name = InteractiveButtonComponentViewController;
			sourceTree = "<group>";
		};
		1ADFFE692AF3149E00B89E58 /* ModalCloseBottomComponentViewController */ = {
			isa = PBXGroup;
			children = (
				1ADFFE6A2AF314CC00B89E58 /* ModalCloseBottomComponentViewController.swift */,
			);
			name = ModalCloseBottomComponentViewController;
			sourceTree = "<group>";
		};
		4D21E7E5150A620298B71497 /* Frameworks */ = {
			isa = PBXGroup;
			children = (
				05419D3B1E727BF441BA7F79 /* Pods_CommonUIKitComponents_Example.framework */,
				A6BB288C3838A0C766C7C131 /* Pods_CommonUIKitComponents_Tests.framework */,
			);
			name = Frameworks;
			sourceTree = "<group>";
		};
		607FACC71AFB9204008FA782 = {
			isa = PBXGroup;
			children = (
				607FACF51AFB993E008FA782 /* Podspec Metadata */,
				607FACD21AFB9204008FA782 /* Example for CommonUIKitComponents */,
				607FACE81AFB9204008FA782 /* Tests */,
				607FACD11AFB9204008FA782 /* Products */,
				7020B23537CD8AB9E5E37E84 /* Pods */,
				4D21E7E5150A620298B71497 /* Frameworks */,
			);
			sourceTree = "<group>";
		};
		607FACD11AFB9204008FA782 /* Products */ = {
			isa = PBXGroup;
			children = (
				607FACD01AFB9204008FA782 /* CommonUIKitComponents_Example.app */,
				607FACE51AFB9204008FA782 /* CommonUIKitComponents_Tests.xctest */,
			);
			name = Products;
			sourceTree = "<group>";
		};
		607FACD21AFB9204008FA782 /* Example for CommonUIKitComponents */ = {
			isa = PBXGroup;
			children = (
				1ADFFE692AF3149E00B89E58 /* ModalCloseBottomComponentViewController */,
				1ADFFE662AF2EADE00B89E58 /* InteractiveButtonComponentViewController */,
				1ADFFE632AF2DFA000B89E58 /* BaseButtonComponentViewController */,
				1A9811B82AF0CA9D0018CE97 /* ScrollViewController */,
				1A9811B52AF0C9FB0018CE97 /* AllowedCharsTextFieldViewController */,
				1A9811B22AF0C6CA0018CE97 /* ButtonPadViewController */,
				1A9811AF2AF096AB0018CE97 /* LabelComponentView */,
				1A9811AC2AF092A40018CE97 /* PopoverMenu */,
				1A9811A92AF080FE0018CE97 /* CustomPopoverMessageView */,
				1A9811A62AF039B80018CE97 /* PopoverMessageView */,
				1A9811A32AF0367B0018CE97 /* Indicator */,
				1A9811A02AF02AF30018CE97 /* SideView */,
				1A98119D2AF028D90018CE97 /* ToggleView */,
				1A98119A2AF024500018CE97 /* StepperView */,
				1A9811992AF01F6C0018CE97 /* AccordionView */,
				1A0943372A5EF192008E6A44 /* AlertView */,
				61E1B520293462320016C25E /* DraggableModal */,
				61AC11C029103AC60065F98B /* UITextFieldOTP */,
				61EF7C6F28D22E810097979F /* ModalView */,
				607FACD51AFB9204008FA782 /* AppDelegate.swift */,
				607FACD71AFB9204008FA782 /* ViewController.swift */,
				607FACD91AFB9204008FA782 /* Main.storyboard */,
				607FACDC1AFB9204008FA782 /* Images.xcassets */,
				607FACDE1AFB9204008FA782 /* LaunchScreen.xib */,
				607FACD31AFB9204008FA782 /* Supporting Files */,
			);
			name = "Example for CommonUIKitComponents";
			path = CommonUIKitComponents;
			sourceTree = "<group>";
		};
		607FACD31AFB9204008FA782 /* Supporting Files */ = {
			isa = PBXGroup;
			children = (
				607FACD41AFB9204008FA782 /* Info.plist */,
			);
			name = "Supporting Files";
			sourceTree = "<group>";
		};
		607FACE81AFB9204008FA782 /* Tests */ = {
			isa = PBXGroup;
			children = (
				607FACEB1AFB9204008FA782 /* Tests.swift */,
				607FACE91AFB9204008FA782 /* Supporting Files */,
			);
			path = Tests;
			sourceTree = "<group>";
		};
		607FACE91AFB9204008FA782 /* Supporting Files */ = {
			isa = PBXGroup;
			children = (
				607FACEA1AFB9204008FA782 /* Info.plist */,
			);
			name = "Supporting Files";
			sourceTree = "<group>";
		};
		607FACF51AFB993E008FA782 /* Podspec Metadata */ = {
			isa = PBXGroup;
			children = (
				ECC548BE67FD119327275E2D /* CommonUIKitComponents.podspec */,
				5B9F010CB731AE14821C6237 /* README.md */,
				A317414F65F02D77A207C197 /* LICENSE */,
			);
			name = "Podspec Metadata";
			sourceTree = "<group>";
		};
		61AC11C029103AC60065F98B /* UITextFieldOTP */ = {
			isa = PBXGroup;
			children = (
				61AC11C129103AD10065F98B /* UITextFieldOTPExampleController.swift */,
			);
			name = UITextFieldOTP;
			sourceTree = "<group>";
		};
		61E1B520293462320016C25E /* DraggableModal */ = {
			isa = PBXGroup;
			children = (
				61E1B5382934679E0016C25E /* ModalTagsCellLayout.swift */,
				61E1B51E2934620B0016C25E /* ModalTagsFactory.swift */,
				61E1B5212934625C0016C25E /* ModalTagsDataSource.swift */,
				61E1B5232934628D0016C25E /* Tag.swift */,
				61E1B54529347A9F0016C25E /* TagsCollectionViewCell.swift */,
				61E1B54629347A9F0016C25E /* TagsCollectionViewCell.xib */,
				1ADFFE5A2AF1E6D700B89E58 /* DraggableModalViewController.swift */,
				1ADFFE5D2AF1F40100B89E58 /* DynamicHeightCVViewController.swift */,
			);
			name = DraggableModal;
			sourceTree = "<group>";
		};
		61EF7C6F28D22E810097979F /* ModalView */ = {
			isa = PBXGroup;
			children = (
				61EF7C7028D22E900097979F /* ModalExampleViewController.swift */,
			);
			name = ModalView;
			sourceTree = "<group>";
		};
		7020B23537CD8AB9E5E37E84 /* Pods */ = {
			isa = PBXGroup;
			children = (
				3D54CC0B6E044735A16ECCE0 /* Pods-CommonUIKitComponents_Example.debug.xcconfig */,
				CBB2FCBB61799E1624D05D74 /* Pods-CommonUIKitComponents_Example.release.xcconfig */,
				5CA505646D6F2DFDAEF57439 /* Pods-CommonUIKitComponents_Tests.debug.xcconfig */,
				253FDB9DC2F3F2FBC6EF1418 /* Pods-CommonUIKitComponents_Tests.release.xcconfig */,
			);
			path = Pods;
			sourceTree = "<group>";
		};
/* End PBXGroup section */

/* Begin PBXNativeTarget section */
		607FACCF1AFB9204008FA782 /* CommonUIKitComponents_Example */ = {
			isa = PBXNativeTarget;
			buildConfigurationList = 607FACEF1AFB9204008FA782 /* Build configuration list for PBXNativeTarget "CommonUIKitComponents_Example" */;
			buildPhases = (
				C70FF6E66716A13AEE65F3B8 /* [CP] Check Pods Manifest.lock */,
				607FACCC1AFB9204008FA782 /* Sources */,
				607FACCD1AFB9204008FA782 /* Frameworks */,
				607FACCE1AFB9204008FA782 /* Resources */,
				42F5427A2592EAB101FF7DE5 /* [CP] Embed Pods Frameworks */,
			);
			buildRules = (
			);
			dependencies = (
			);
			name = CommonUIKitComponents_Example;
			productName = CommonUIKitComponents;
			productReference = 607FACD01AFB9204008FA782 /* CommonUIKitComponents_Example.app */;
			productType = "com.apple.product-type.application";
		};
		607FACE41AFB9204008FA782 /* CommonUIKitComponents_Tests */ = {
			isa = PBXNativeTarget;
			buildConfigurationList = 607FACF21AFB9204008FA782 /* Build configuration list for PBXNativeTarget "CommonUIKitComponents_Tests" */;
			buildPhases = (
				A955095F1182372DF6577717 /* [CP] Check Pods Manifest.lock */,
				607FACE11AFB9204008FA782 /* Sources */,
				607FACE21AFB9204008FA782 /* Frameworks */,
				607FACE31AFB9204008FA782 /* Resources */,
			);
			buildRules = (
			);
			dependencies = (
				607FACE71AFB9204008FA782 /* PBXTargetDependency */,
			);
			name = CommonUIKitComponents_Tests;
			productName = Tests;
			productReference = 607FACE51AFB9204008FA782 /* CommonUIKitComponents_Tests.xctest */;
			productType = "com.apple.product-type.bundle.unit-test";
		};
/* End PBXNativeTarget section */

/* Begin PBXProject section */
		607FACC81AFB9204008FA782 /* Project object */ = {
			isa = PBXProject;
			attributes = {
				LastSwiftUpdateCheck = 0830;
				LastUpgradeCheck = 1340;
				ORGANIZATIONNAME = CocoaPods;
				TargetAttributes = {
					607FACCF1AFB9204008FA782 = {
						CreatedOnToolsVersion = 6.3.1;
						DevelopmentTeam = Y5LAGSY8W8;
						LastSwiftMigration = 1340;
					};
					607FACE41AFB9204008FA782 = {
						CreatedOnToolsVersion = 6.3.1;
						DevelopmentTeam = Y5LAGSY8W8;
						LastSwiftMigration = 1340;
						TestTargetID = 607FACCF1AFB9204008FA782;
					};
				};
			};
			buildConfigurationList = 607FACCB1AFB9204008FA782 /* Build configuration list for PBXProject "CommonUIKitComponents" */;
			compatibilityVersion = "Xcode 3.2";
			developmentRegion = English;
			hasScannedForEncodings = 0;
			knownRegions = (
				English,
				en,
				Base,
			);
			mainGroup = 607FACC71AFB9204008FA782;
			productRefGroup = 607FACD11AFB9204008FA782 /* Products */;
			projectDirPath = "";
			projectRoot = "";
			targets = (
				607FACCF1AFB9204008FA782 /* CommonUIKitComponents_Example */,
				607FACE41AFB9204008FA782 /* CommonUIKitComponents_Tests */,
			);
		};
/* End PBXProject section */

/* Begin PBXResourcesBuildPhase section */
		607FACCE1AFB9204008FA782 /* Resources */ = {
			isa = PBXResourcesBuildPhase;
			buildActionMask = 2147483647;
			files = (
				607FACDB1AFB9204008FA782 /* Main.storyboard in Resources */,
				61E1B54829347A9F0016C25E /* TagsCollectionViewCell.xib in Resources */,
				607FACE01AFB9204008FA782 /* LaunchScreen.xib in Resources */,
				607FACDD1AFB9204008FA782 /* Images.xcassets in Resources */,
			);
			runOnlyForDeploymentPostprocessing = 0;
		};
		607FACE31AFB9204008FA782 /* Resources */ = {
			isa = PBXResourcesBuildPhase;
			buildActionMask = 2147483647;
			files = (
			);
			runOnlyForDeploymentPostprocessing = 0;
		};
/* End PBXResourcesBuildPhase section */

/* Begin PBXShellScriptBuildPhase section */
		42F5427A2592EAB101FF7DE5 /* [CP] Embed Pods Frameworks */ = {
			isa = PBXShellScriptBuildPhase;
			buildActionMask = 2147483647;
			files = (
			);
			inputPaths = (
				"${PODS_ROOT}/Target Support Files/Pods-CommonUIKitComponents_Example/Pods-CommonUIKitComponents_Example-frameworks.sh",
				"${BUILT_PRODUCTS_DIR}/CommonUIKitComponents/CommonUIKitComponents.framework",
			);
			name = "[CP] Embed Pods Frameworks";
			outputPaths = (
				"${TARGET_BUILD_DIR}/${FRAMEWORKS_FOLDER_PATH}/CommonUIKitComponents.framework",
			);
			runOnlyForDeploymentPostprocessing = 0;
			shellPath = /bin/sh;
			shellScript = "\"${PODS_ROOT}/Target Support Files/Pods-CommonUIKitComponents_Example/Pods-CommonUIKitComponents_Example-frameworks.sh\"\n";
			showEnvVarsInLog = 0;
		};
		A955095F1182372DF6577717 /* [CP] Check Pods Manifest.lock */ = {
			isa = PBXShellScriptBuildPhase;
			buildActionMask = 2147483647;
			files = (
			);
			inputFileListPaths = (
			);
			inputPaths = (
				"${PODS_PODFILE_DIR_PATH}/Podfile.lock",
				"${PODS_ROOT}/Manifest.lock",
			);
			name = "[CP] Check Pods Manifest.lock";
			outputFileListPaths = (
			);
			outputPaths = (
				"$(DERIVED_FILE_DIR)/Pods-CommonUIKitComponents_Tests-checkManifestLockResult.txt",
			);
			runOnlyForDeploymentPostprocessing = 0;
			shellPath = /bin/sh;
			shellScript = "diff \"${PODS_PODFILE_DIR_PATH}/Podfile.lock\" \"${PODS_ROOT}/Manifest.lock\" > /dev/null\nif [ $? != 0 ] ; then\n    # print error to STDERR\n    echo \"error: The sandbox is not in sync with the Podfile.lock. Run 'pod install' or update your CocoaPods installation.\" >&2\n    exit 1\nfi\n# This output is used by Xcode 'outputs' to avoid re-running this script phase.\necho \"SUCCESS\" > \"${SCRIPT_OUTPUT_FILE_0}\"\n";
			showEnvVarsInLog = 0;
		};
		C70FF6E66716A13AEE65F3B8 /* [CP] Check Pods Manifest.lock */ = {
			isa = PBXShellScriptBuildPhase;
			buildActionMask = 2147483647;
			files = (
			);
			inputFileListPaths = (
			);
			inputPaths = (
				"${PODS_PODFILE_DIR_PATH}/Podfile.lock",
				"${PODS_ROOT}/Manifest.lock",
			);
			name = "[CP] Check Pods Manifest.lock";
			outputFileListPaths = (
			);
			outputPaths = (
				"$(DERIVED_FILE_DIR)/Pods-CommonUIKitComponents_Example-checkManifestLockResult.txt",
			);
			runOnlyForDeploymentPostprocessing = 0;
			shellPath = /bin/sh;
			shellScript = "diff \"${PODS_PODFILE_DIR_PATH}/Podfile.lock\" \"${PODS_ROOT}/Manifest.lock\" > /dev/null\nif [ $? != 0 ] ; then\n    # print error to STDERR\n    echo \"error: The sandbox is not in sync with the Podfile.lock. Run 'pod install' or update your CocoaPods installation.\" >&2\n    exit 1\nfi\n# This output is used by Xcode 'outputs' to avoid re-running this script phase.\necho \"SUCCESS\" > \"${SCRIPT_OUTPUT_FILE_0}\"\n";
			showEnvVarsInLog = 0;
		};
/* End PBXShellScriptBuildPhase section */

/* Begin PBXSourcesBuildPhase section */
		607FACCC1AFB9204008FA782 /* Sources */ = {
			isa = PBXSourcesBuildPhase;
			buildActionMask = 2147483647;
			files = (
				1A98119C2AF024670018CE97 /* StepperViewController.swift in Sources */,
				61EF7C7128D22E900097979F /* ModalExampleViewController.swift in Sources */,
				1A9811B72AF0CA060018CE97 /* AllowedCharsTextFieldViewController.swift in Sources */,
				61E1B54729347A9F0016C25E /* TagsCollectionViewCell.swift in Sources */,
				61E1B5222934625C0016C25E /* ModalTagsDataSource.swift in Sources */,
				61E1B51F2934620B0016C25E /* ModalTagsFactory.swift in Sources */,
				1A9811AE2AF092B30018CE97 /* PopoverMenuViewController.swift in Sources */,
				1ADFFE652AF2E19200B89E58 /* BaseButtonComponentViewController.swift in Sources */,
				1A9811BA2AF0CB250018CE97 /* ScrollViewController.swift in Sources */,
				1ADFFE6B2AF314CC00B89E58 /* ModalCloseBottomComponentViewController.swift in Sources */,
				61E1B5242934628D0016C25E /* Tag.swift in Sources */,
				1A9811B12AF096DE0018CE97 /* LabelComponentViewController.swift in Sources */,
				1A9811AB2AF081830018CE97 /* CustomPopoverMessageController.swift in Sources */,
				1A9811982AF01F600018CE97 /* AccordionViewController.swift in Sources */,
				1ADFFE5E2AF1F40100B89E58 /* DynamicHeightCVViewController.swift in Sources */,
				1A98119F2AF0291C0018CE97 /* ToggleViewController.swift in Sources */,
				61AC11C229103AD10065F98B /* UITextFieldOTPExampleController.swift in Sources */,
				1A9811B42AF0C6D40018CE97 /* ButtonPadViewController.swift in Sources */,
				1ADFFE682AF2EB0F00B89E58 /* InteractiveButtonComponentViewController.swift in Sources */,
				1ADFFE5B2AF1E6D700B89E58 /* DraggableModalViewController.swift in Sources */,
				61E1B53A2934679E0016C25E /* ModalTagsCellLayout.swift in Sources */,
				1A0943392A5EF216008E6A44 /* AlertViewExampleViewController.swift in Sources */,
				607FACD81AFB9204008FA782 /* ViewController.swift in Sources */,
				1A9811A82AF039D90018CE97 /* PopoverMessageViewController.swift in Sources */,
				607FACD61AFB9204008FA782 /* AppDelegate.swift in Sources */,
				1A9811A22AF02AFD0018CE97 /* SideViewController.swift in Sources */,
				1A9811A52AF036850018CE97 /* IndicatorViewController.swift in Sources */,
			);
			runOnlyForDeploymentPostprocessing = 0;
		};
		607FACE11AFB9204008FA782 /* Sources */ = {
			isa = PBXSourcesBuildPhase;
			buildActionMask = 2147483647;
			files = (
				607FACEC1AFB9204008FA782 /* Tests.swift in Sources */,
			);
			runOnlyForDeploymentPostprocessing = 0;
		};
/* End PBXSourcesBuildPhase section */

/* Begin PBXTargetDependency section */
		607FACE71AFB9204008FA782 /* PBXTargetDependency */ = {
			isa = PBXTargetDependency;
			target = 607FACCF1AFB9204008FA782 /* CommonUIKitComponents_Example */;
			targetProxy = 607FACE61AFB9204008FA782 /* PBXContainerItemProxy */;
		};
/* End PBXTargetDependency section */

/* Begin PBXVariantGroup section */
		607FACD91AFB9204008FA782 /* Main.storyboard */ = {
			isa = PBXVariantGroup;
			children = (
				607FACDA1AFB9204008FA782 /* Base */,
			);
			name = Main.storyboard;
			sourceTree = "<group>";
		};
		607FACDE1AFB9204008FA782 /* LaunchScreen.xib */ = {
			isa = PBXVariantGroup;
			children = (
				607FACDF1AFB9204008FA782 /* Base */,
			);
			name = LaunchScreen.xib;
			sourceTree = "<group>";
		};
/* End PBXVariantGroup section */

/* Begin XCBuildConfiguration section */
		607FACED1AFB9204008FA782 /* Debug */ = {
			isa = XCBuildConfiguration;
			buildSettings = {
				ALWAYS_SEARCH_USER_PATHS = NO;
				CLANG_ANALYZER_LOCALIZABILITY_NONLOCALIZED = YES;
				CLANG_CXX_LANGUAGE_STANDARD = "gnu++0x";
				CLANG_CXX_LIBRARY = "libc++";
				CLANG_ENABLE_MODULES = YES;
				CLANG_ENABLE_OBJC_ARC = YES;
				CLANG_WARN_BLOCK_CAPTURE_AUTORELEASING = YES;
				CLANG_WARN_BOOL_CONVERSION = YES;
				CLANG_WARN_COMMA = YES;
				CLANG_WARN_CONSTANT_CONVERSION = YES;
				CLANG_WARN_DEPRECATED_OBJC_IMPLEMENTATIONS = YES;
				CLANG_WARN_DIRECT_OBJC_ISA_USAGE = YES_ERROR;
				CLANG_WARN_EMPTY_BODY = YES;
				CLANG_WARN_ENUM_CONVERSION = YES;
				CLANG_WARN_INFINITE_RECURSION = YES;
				CLANG_WARN_INT_CONVERSION = YES;
				CLANG_WARN_NON_LITERAL_NULL_CONVERSION = YES;
				CLANG_WARN_OBJC_IMPLICIT_RETAIN_SELF = YES;
				CLANG_WARN_OBJC_LITERAL_CONVERSION = YES;
				CLANG_WARN_OBJC_ROOT_CLASS = YES_ERROR;
				CLANG_WARN_QUOTED_INCLUDE_IN_FRAMEWORK_HEADER = YES;
				CLANG_WARN_RANGE_LOOP_ANALYSIS = YES;
				CLANG_WARN_STRICT_PROTOTYPES = YES;
				CLANG_WARN_SUSPICIOUS_MOVE = YES;
				CLANG_WARN_UNREACHABLE_CODE = YES;
				CLANG_WARN__DUPLICATE_METHOD_MATCH = YES;
				"CODE_SIGN_IDENTITY[sdk=iphoneos*]" = "iPhone Developer";
				COPY_PHASE_STRIP = NO;
				DEBUG_INFORMATION_FORMAT = "dwarf-with-dsym";
				ENABLE_BITCODE = YES;
				ENABLE_STRICT_OBJC_MSGSEND = YES;
				ENABLE_TESTABILITY = YES;
				GCC_C_LANGUAGE_STANDARD = gnu99;
				GCC_DYNAMIC_NO_PIC = NO;
				GCC_NO_COMMON_BLOCKS = YES;
				GCC_OPTIMIZATION_LEVEL = 0;
				GCC_PREPROCESSOR_DEFINITIONS = (
					"DEBUG=1",
					"$(inherited)",
				);
				GCC_SYMBOLS_PRIVATE_EXTERN = NO;
				GCC_WARN_64_TO_32_BIT_CONVERSION = YES;
				GCC_WARN_ABOUT_RETURN_TYPE = YES_ERROR;
				GCC_WARN_UNDECLARED_SELECTOR = YES;
				GCC_WARN_UNINITIALIZED_AUTOS = YES_AGGRESSIVE;
				GCC_WARN_UNUSED_FUNCTION = YES;
				GCC_WARN_UNUSED_VARIABLE = YES;
				IPHONEOS_DEPLOYMENT_TARGET = 12.0;
				MTL_ENABLE_DEBUG_INFO = YES;
				ONLY_ACTIVE_ARCH = YES;
				SDKROOT = iphoneos;
				SWIFT_OPTIMIZATION_LEVEL = "-Onone";
			};
			name = Debug;
		};
		607FACEE1AFB9204008FA782 /* Release */ = {
			isa = XCBuildConfiguration;
			buildSettings = {
				ALWAYS_SEARCH_USER_PATHS = NO;
				CLANG_ANALYZER_LOCALIZABILITY_NONLOCALIZED = YES;
				CLANG_CXX_LANGUAGE_STANDARD = "gnu++0x";
				CLANG_CXX_LIBRARY = "libc++";
				CLANG_ENABLE_MODULES = YES;
				CLANG_ENABLE_OBJC_ARC = YES;
				CLANG_WARN_BLOCK_CAPTURE_AUTORELEASING = YES;
				CLANG_WARN_BOOL_CONVERSION = YES;
				CLANG_WARN_COMMA = YES;
				CLANG_WARN_CONSTANT_CONVERSION = YES;
				CLANG_WARN_DEPRECATED_OBJC_IMPLEMENTATIONS = YES;
				CLANG_WARN_DIRECT_OBJC_ISA_USAGE = YES_ERROR;
				CLANG_WARN_EMPTY_BODY = YES;
				CLANG_WARN_ENUM_CONVERSION = YES;
				CLANG_WARN_INFINITE_RECURSION = YES;
				CLANG_WARN_INT_CONVERSION = YES;
				CLANG_WARN_NON_LITERAL_NULL_CONVERSION = YES;
				CLANG_WARN_OBJC_IMPLICIT_RETAIN_SELF = YES;
				CLANG_WARN_OBJC_LITERAL_CONVERSION = YES;
				CLANG_WARN_OBJC_ROOT_CLASS = YES_ERROR;
				CLANG_WARN_QUOTED_INCLUDE_IN_FRAMEWORK_HEADER = YES;
				CLANG_WARN_RANGE_LOOP_ANALYSIS = YES;
				CLANG_WARN_STRICT_PROTOTYPES = YES;
				CLANG_WARN_SUSPICIOUS_MOVE = YES;
				CLANG_WARN_UNREACHABLE_CODE = YES;
				CLANG_WARN__DUPLICATE_METHOD_MATCH = YES;
				"CODE_SIGN_IDENTITY[sdk=iphoneos*]" = "iPhone Developer";
				COPY_PHASE_STRIP = NO;
				DEBUG_INFORMATION_FORMAT = "dwarf-with-dsym";
				ENABLE_BITCODE = YES;
				ENABLE_NS_ASSERTIONS = NO;
				ENABLE_STRICT_OBJC_MSGSEND = YES;
				GCC_C_LANGUAGE_STANDARD = gnu99;
				GCC_NO_COMMON_BLOCKS = YES;
				GCC_WARN_64_TO_32_BIT_CONVERSION = YES;
				GCC_WARN_ABOUT_RETURN_TYPE = YES_ERROR;
				GCC_WARN_UNDECLARED_SELECTOR = YES;
				GCC_WARN_UNINITIALIZED_AUTOS = YES_AGGRESSIVE;
				GCC_WARN_UNUSED_FUNCTION = YES;
				GCC_WARN_UNUSED_VARIABLE = YES;
				IPHONEOS_DEPLOYMENT_TARGET = 12.0;
				MTL_ENABLE_DEBUG_INFO = NO;
				SDKROOT = iphoneos;
				SWIFT_OPTIMIZATION_LEVEL = "-Owholemodule";
				VALIDATE_PRODUCT = YES;
			};
			name = Release;
		};
		607FACF01AFB9204008FA782 /* Debug */ = {
			isa = XCBuildConfiguration;
			baseConfigurationReference = 3D54CC0B6E044735A16ECCE0 /* Pods-CommonUIKitComponents_Example.debug.xcconfig */;
			buildSettings = {
				ASSETCATALOG_COMPILER_APPICON_NAME = AppIcon;
				DEVELOPMENT_TEAM = Y5LAGSY8W8;
				INFOPLIST_FILE = CommonUIKitComponents/Info.plist;
				IPHONEOS_DEPLOYMENT_TARGET = 12.0;
				LD_RUNPATH_SEARCH_PATHS = "$(inherited) @executable_path/Frameworks";
				MODULE_NAME = ExampleApp;
				PRODUCT_BUNDLE_IDENTIFIER = "org.cocoapods.demo.$(PRODUCT_NAME:rfc1034identifier)";
				PRODUCT_NAME = "$(TARGET_NAME)";
				SWIFT_SWIFT3_OBJC_INFERENCE = Default;
				SWIFT_VERSION = 5.0;
			};
			name = Debug;
		};
		607FACF11AFB9204008FA782 /* Release */ = {
			isa = XCBuildConfiguration;
			baseConfigurationReference = CBB2FCBB61799E1624D05D74 /* Pods-CommonUIKitComponents_Example.release.xcconfig */;
			buildSettings = {
				ASSETCATALOG_COMPILER_APPICON_NAME = AppIcon;
				DEVELOPMENT_TEAM = Y5LAGSY8W8;
				INFOPLIST_FILE = CommonUIKitComponents/Info.plist;
				IPHONEOS_DEPLOYMENT_TARGET = 12.0;
				LD_RUNPATH_SEARCH_PATHS = "$(inherited) @executable_path/Frameworks";
				MODULE_NAME = ExampleApp;
				PRODUCT_BUNDLE_IDENTIFIER = "org.cocoapods.demo.$(PRODUCT_NAME:rfc1034identifier)";
				PRODUCT_NAME = "$(TARGET_NAME)";
				SWIFT_SWIFT3_OBJC_INFERENCE = Default;
				SWIFT_VERSION = 5.0;
			};
			name = Release;
		};
		607FACF31AFB9204008FA782 /* Debug */ = {
			isa = XCBuildConfiguration;
			baseConfigurationReference = 5CA505646D6F2DFDAEF57439 /* Pods-CommonUIKitComponents_Tests.debug.xcconfig */;
			buildSettings = {
				DEVELOPMENT_TEAM = Y5LAGSY8W8;
				FRAMEWORK_SEARCH_PATHS = (
					"$(PLATFORM_DIR)/Developer/Library/Frameworks",
					"$(inherited)",
				);
				GCC_PREPROCESSOR_DEFINITIONS = (
					"DEBUG=1",
					"$(inherited)",
				);
				INFOPLIST_FILE = Tests/Info.plist;
				LD_RUNPATH_SEARCH_PATHS = "$(inherited) @executable_path/Frameworks @loader_path/Frameworks";
				PRODUCT_BUNDLE_IDENTIFIER = "org.cocoapods.$(PRODUCT_NAME:rfc1034identifier)";
				PRODUCT_NAME = "$(TARGET_NAME)";
				SWIFT_SWIFT3_OBJC_INFERENCE = Default;
				SWIFT_VERSION = 5.0;
				TEST_HOST = "$(BUILT_PRODUCTS_DIR)/CommonUIKitComponents_Example.app/CommonUIKitComponents_Example";
			};
			name = Debug;
		};
		607FACF41AFB9204008FA782 /* Release */ = {
			isa = XCBuildConfiguration;
			baseConfigurationReference = 253FDB9DC2F3F2FBC6EF1418 /* Pods-CommonUIKitComponents_Tests.release.xcconfig */;
			buildSettings = {
				DEVELOPMENT_TEAM = Y5LAGSY8W8;
				FRAMEWORK_SEARCH_PATHS = (
					"$(PLATFORM_DIR)/Developer/Library/Frameworks",
					"$(inherited)",
				);
				INFOPLIST_FILE = Tests/Info.plist;
				LD_RUNPATH_SEARCH_PATHS = "$(inherited) @executable_path/Frameworks @loader_path/Frameworks";
				PRODUCT_BUNDLE_IDENTIFIER = "org.cocoapods.$(PRODUCT_NAME:rfc1034identifier)";
				PRODUCT_NAME = "$(TARGET_NAME)";
				SWIFT_SWIFT3_OBJC_INFERENCE = Default;
				SWIFT_VERSION = 5.0;
				TEST_HOST = "$(BUILT_PRODUCTS_DIR)/CommonUIKitComponents_Example.app/CommonUIKitComponents_Example";
			};
			name = Release;
		};
/* End XCBuildConfiguration section */

/* Begin XCConfigurationList section */
		607FACCB1AFB9204008FA782 /* Build configuration list for PBXProject "CommonUIKitComponents" */ = {
			isa = XCConfigurationList;
			buildConfigurations = (
				607FACED1AFB9204008FA782 /* Debug */,
				607FACEE1AFB9204008FA782 /* Release */,
			);
			defaultConfigurationIsVisible = 0;
			defaultConfigurationName = Release;
		};
		607FACEF1AFB9204008FA782 /* Build configuration list for PBXNativeTarget "CommonUIKitComponents_Example" */ = {
			isa = XCConfigurationList;
			buildConfigurations = (
				607FACF01AFB9204008FA782 /* Debug */,
				607FACF11AFB9204008FA782 /* Release */,
			);
			defaultConfigurationIsVisible = 0;
			defaultConfigurationName = Release;
		};
		607FACF21AFB9204008FA782 /* Build configuration list for PBXNativeTarget "CommonUIKitComponents_Tests" */ = {
			isa = XCConfigurationList;
			buildConfigurations = (
				607FACF31AFB9204008FA782 /* Debug */,
				607FACF41AFB9204008FA782 /* Release */,
			);
			defaultConfigurationIsVisible = 0;
			defaultConfigurationName = Release;
		};
/* End XCConfigurationList section */
	};
	rootObject = 607FACC81AFB9204008FA782 /* Project object */;
}
